{
  "name": "engse203-lab01",
  "version": "1.0.0",
  "lockfileVersion": 3,
  "requires": true,
  "packages": {
    "": {
      "name": "engse203-lab01",
      "version": "1.0.0",
      "license": "ISC",
      "dependencies": {
        "engse203-student-labs-68543210003": "file:../../.."
      }
    },
    "../../..": {
      "name": "engse203-student-labs-68543210003",
      "version": "2.1.0",
      "engines": {
        "node": ">=22.12.0"
      }
    },
    "node_modules/engse203-student-labs-68543210003": {
      "resolved": "../../..",
      "link": true
    }
  }
}
